
Microsoft Visual Studio Solution File, Format Version 12.00
# Visual Studio 2013
VisualStudioVersion = 12.0.31101.0
MinimumVisualStudioVersion = 10.0.40219.1
Project("{F2A71F9B-5D33-465A-A702-920D77279786}") = "FSpotify", "src\FSpotify.fsproj", "{A45308DB-8C00-4D8D-B94C-C657028CAE48}"
EndProject
Project("{F2A71F9B-5D33-465A-A702-920D77279786}") = "FSpotify-Examples", "examples\FSpotify-Examples.fsproj", "{E5CB492F-9CF1-4404-853A-7358C5CA8A45}"
	ProjectSection(ProjectDependencies) = postProject
		{A45308DB-8C00-4D8D-B94C-C657028CAE48} = {A45308DB-8C00-4D8D-B94C-C657028CAE48}
	EndProjectSection
EndProject
Project("{F2A71F9B-5D33-465A-A702-920D77279786}") = "FSpotify-Test", "test\FSpotify-Test.fsproj", "{4226668B-E355-4CE5-9587-6121A2B3C25D}"
EndProject
Global
	GlobalSection(SolutionConfigurationPlatforms) = preSolution
		Debug|Any CPU = Debug|Any CPU
		Release|Any CPU = Release|Any CPU
	EndGlobalSection
	GlobalSection(ProjectConfigurationPlatforms) = postSolution
		{A45308DB-8C00-4D8D-B94C-C657028CAE48}.Debug|Any CPU.ActiveCfg = Debug|Any CPU
		{A45308DB-8C00-4D8D-B94C-C657028CAE48}.Debug|Any CPU.Build.0 = Debug|Any CPU
		{A45308DB-8C00-4D8D-B94C-C657028CAE48}.Release|Any CPU.ActiveCfg = Release|Any CPU
		{A45308DB-8C00-4D8D-B94C-C657028CAE48}.Release|Any CPU.Build.0 = Release|Any CPU
		{E5CB492F-9CF1-4404-853A-7358C5CA8A45}.Debug|Any CPU.ActiveCfg = Debug|Any CPU
		{E5CB492F-9CF1-4404-853A-7358C5CA8A45}.Debug|Any CPU.Build.0 = Debug|Any CPU
		{E5CB492F-9CF1-4404-853A-7358C5CA8A45}.Release|Any CPU.ActiveCfg = Release|Any CPU
		{E5CB492F-9CF1-4404-853A-7358C5CA8A45}.Release|Any CPU.Build.0 = Release|Any CPU
		{4226668B-E355-4CE5-9587-6121A2B3C25D}.Debug|Any CPU.ActiveCfg = Debug|Any CPU
		{4226668B-E355-4CE5-9587-6121A2B3C25D}.Debug|Any CPU.Build.0 = Debug|Any CPU
		{4226668B-E355-4CE5-9587-6121A2B3C25D}.Release|Any CPU.ActiveCfg = Release|Any CPU
		{4226668B-E355-4CE5-9587-6121A2B3C25D}.Release|Any CPU.Build.0 = Release|Any CPU
	EndGlobalSection
	GlobalSection(SolutionProperties) = preSolution
		HideSolutionNode = FALSE
	EndGlobalSection
EndGlobal
